
Microsoft Visual Studio Solution File, Format Version 12.00
# Visual Studio Version 16
VisualStudioVersion = 16.0.29306.81
MinimumVisualStudioVersion = 10.0.40219.1
Project("{FAE04EC0-301F-11D3-BF4B-00C04F79EFBC}") = "Valami", "Valami\Valami.csproj", "{960C78D0-A152-4124-9B3A-3035E2B60FAB}"
EndProject
Global
	GlobalSection(SolutionConfigurationPlatforms) = preSolution
		Debug|Any CPU = Debug|Any CPU
		Release|Any CPU = Release|Any CPU
	EndGlobalSection
	GlobalSection(ProjectConfigurationPlatforms) = postSolution
		{960C78D0-A152-4124-9B3A-3035E2B60FAB}.Debug|Any CPU.ActiveCfg = Debug|Any CPU
		{960C78D0-A152-4124-9B3A-3035E2B60FAB}.Debug|Any CPU.Build.0 = Debug|Any CPU
		{960C78D0-A152-4124-9B3A-3035E2B60FAB}.Release|Any CPU.ActiveCfg = Release|Any CPU
		{960C78D0-A152-4124-9B3A-3035E2B60FAB}.Release|Any CPU.Build.0 = Release|Any CPU
	EndGlobalSection
	GlobalSection(SolutionProperties) = preSolution
		HideSolutionNode = FALSE
	EndGlobalSection
	GlobalSection(ExtensibilityGlobals) = postSolution
		SolutionGuid = {54E183BE-3851-4BFC-AD31-2B7795AA4AAE}
	EndGlobalSection
EndGlobal
